# This file was autogenerated by Stack.
# You should not edit this file by hand.
# For more information, please see the documentation at:
#   https://docs.haskellstack.org/en/stable/lock_files

packages:
- completed:
    cabal-file:
      size: 1841
      sha256: dcf88a87adb121a466db6fd7302643975f2332feb5608beaa4bd97e6522dbd7f
    name: circuit-adornt-build
    version: 0.1.0.0
    git: https://github.com/YoshikuniJujo/circuit-adornt-build.git
    pantry-tree:
      size: 776
      sha256: 6f924908e5bf4f51cf4e53df7ac5f4b91ffd75142ac47a14cfb1b23b1730adb3
    commit: 45a2e5d7435aba49bec4bb099ae22b38d764b995
  original:
    git: https://github.com/YoshikuniJujo/circuit-adornt-build.git
    commit: 45a2e5d7435aba49bec4bb099ae22b38d764b995
snapshots:
- completed:
    size: 523448
    url: https://raw.githubusercontent.com/commercialhaskell/stackage-snapshots/master/lts/14/1.yaml
    sha256: 0045b9bae36c3bb2dd374c29b586389845af1557eea0423958d152fc500d4fbf
  original: lts-14.1
